
Microsoft Visual Studio Solution File, Format Version 12.00
# Visual Studio 15
Project("{FAE04EC0-301F-11D3-BF4B-00C04F79EFBC}") = "Assembly-CSharp", "Assembly-CSharp.csproj", "{739C86ED-AB42-714A-472C-4F7D73033491}"
EndProject
Project("{FAE04EC0-301F-11D3-BF4B-00C04F79EFBC}") = "NavMeshComponents", "NavMeshComponents.csproj", "{9AEEBA70-4F6F-E4EB-6370-2CA782427713}"
EndProject
Project("{FAE04EC0-301F-11D3-BF4B-00C04F79EFBC}") = "NavMeshComponentsEditor", "NavMeshComponentsEditor.csproj", "{B88F024D-ED60-B4FC-48E0-DE879E1AA10F}"
EndProject
Global
	GlobalSection(SolutionConfigurationPlatforms) = preSolution
		Debug|Any CPU = Debug|Any CPU
		Release|Any CPU = Release|Any CPU
	EndGlobalSection
	GlobalSection(ProjectConfigurationPlatforms) = postSolution
		{739C86ED-AB42-714A-472C-4F7D73033491}.Debug|Any CPU.ActiveCfg = Debug|Any CPU
		{739C86ED-AB42-714A-472C-4F7D73033491}.Debug|Any CPU.Build.0 = Debug|Any CPU
		{739C86ED-AB42-714A-472C-4F7D73033491}.Release|Any CPU.ActiveCfg = Release|Any CPU
		{739C86ED-AB42-714A-472C-4F7D73033491}.Release|Any CPU.Build.0 = Release|Any CPU
		{9AEEBA70-4F6F-E4EB-6370-2CA782427713}.Debug|Any CPU.ActiveCfg = Debug|Any CPU
		{9AEEBA70-4F6F-E4EB-6370-2CA782427713}.Debug|Any CPU.Build.0 = Debug|Any CPU
		{9AEEBA70-4F6F-E4EB-6370-2CA782427713}.Release|Any CPU.ActiveCfg = Release|Any CPU
		{9AEEBA70-4F6F-E4EB-6370-2CA782427713}.Release|Any CPU.Build.0 = Release|Any CPU
		{B88F024D-ED60-B4FC-48E0-DE879E1AA10F}.Debug|Any CPU.ActiveCfg = Debug|Any CPU
		{B88F024D-ED60-B4FC-48E0-DE879E1AA10F}.Debug|Any CPU.Build.0 = Debug|Any CPU
		{B88F024D-ED60-B4FC-48E0-DE879E1AA10F}.Release|Any CPU.ActiveCfg = Release|Any CPU
		{B88F024D-ED60-B4FC-48E0-DE879E1AA10F}.Release|Any CPU.Build.0 = Release|Any CPU
	EndGlobalSection
	GlobalSection(SolutionProperties) = preSolution
		HideSolutionNode = FALSE
	EndGlobalSection
EndGlobal
